# THIS IS AN AUTOGENERATED FILE. DO NOT EDIT THIS FILE DIRECTLY.
# yarn lockfile v1


"@types/google-protobuf@^3.2.7":
  version "3.2.7"
  resolved "https://registry.yarnpkg.com/@types/google-protobuf/-/google-protobuf-3.2.7.tgz#9576ed5dd62cdb1c9f952522028a03b7cb2b69b5"
  integrity sha512-Pb9wl5qDEwfnJeeu6Zpn5Y+waLrKETStqLZXHMGCTbkNuBBudPy4qOGN6veamyeoUBwTm2knOVeP/FlHHhhmzA==

google-protobuf@^3.6.1:
  version "3.6.1"
  resolved "https://registry.yarnpkg.com/google-protobuf/-/google-protobuf-3.6.1.tgz#7ef58e2bea137a93cdaf5cfd5afa5f6abdd92025"
  integrity sha512-SJYemeX5GjDLPnadcmCNQePQHCS4Hl5fOcI/JawqDIYFhCmrtYAjcx/oTQx/Wi8UuCuZQhfvftbmPePPAYHFtA==

ts-protoc-gen@^0.9.0:
  version "0.9.0"
  resolved "https://registry.yarnpkg.com/ts-protoc-gen/-/ts-protoc-gen-0.9.0.tgz#3910a67dc4445acf4bc3c6f7f67709619e987a6e"
  integrity sha512-cFEUTY9U9o6C4DPPfMHk2ZUdIAKL91hZN1fyx5Stz3g56BDVOC7hk+r5fEMCAGaaIgi2akkT1a2hrxu1wo2Phg==
